
Microsoft Visual Studio Solution File, Format Version 12.00
Project("{2150E333-8FDC-42A3-9474-1A3956D46DE8}") = "src", "src", "{08316839-BF41-4347-85E0-8C919724ADB3}"
EndProject
Project("{2150E333-8FDC-42A3-9474-1A3956D46DE8}") = "CreationalPatterns", "CreationalPatterns", "{6646115B-E7E0-47E4-99EB-7D9387F03C62}"
EndProject
Project("{2150E333-8FDC-42A3-9474-1A3956D46DE8}") = "BuilderPattern", "BuilderPattern", "{C3C776C8-294B-40E1-86E4-E9AB7F3BB4A8}"
EndProject
Project("{FAE04EC0-301F-11D3-BF4B-00C04F79EFBC}") = "Builder", "src\CreationalPatterns\BuilderPattern\Builder\Builder.csproj", "{71C2B3D1-404F-452B-9912-8692F43E22F1}"
EndProject
Project("{FAE04EC0-301F-11D3-BF4B-00C04F79EFBC}") = "LifeWithoutBuilder", "src\CreationalPatterns\BuilderPattern\LifeWithoutBuilder\LifeWithoutBuilder.csproj", "{0A3A631A-F831-4595-A99C-A620BA22D150}"
EndProject
Project("{FAE04EC0-301F-11D3-BF4B-00C04F79EFBC}") = "FluentBuilder", "src\CreationalPatterns\BuilderPattern\FluentBuilder\FluentBuilder.csproj", "{33E42F1A-F73D-49C0-A65F-CF4E310A9216}"
EndProject
Project("{FAE04EC0-301F-11D3-BF4B-00C04F79EFBC}") = "FluentBuilderInheritanceWithRecursiveGenerics", "src\CreationalPatterns\BuilderPattern\FluentBuilderInheritanceWithRecursiveGenerics\FluentBuilderInheritanceWithRecursiveGenerics.csproj", "{98FF2257-F18B-4582-BDF0-3CC98738815A}"
EndProject
Project("{FAE04EC0-301F-11D3-BF4B-00C04F79EFBC}") = "StepwiseBuilder", "src\CreationalPatterns\BuilderPattern\StepwiseBuilder\StepwiseBuilder.csproj", "{26D6C649-1D50-4124-BACC-E490D1F21461}"
EndProject
Project("{FAE04EC0-301F-11D3-BF4B-00C04F79EFBC}") = "FunctionalBuilder", "src\CreationalPatterns\BuilderPattern\FunctionalBuilder\FunctionalBuilder.csproj", "{D25BF6FD-4969-449D-B86B-7CE4F8B65DB8}"
EndProject
Project("{FAE04EC0-301F-11D3-BF4B-00C04F79EFBC}") = "FacetedBuilder", "src\CreationalPatterns\BuilderPattern\FacetedBuilder\FacetedBuilder.csproj", "{1C8D3B23-DC91-467E-AE5C-4522FF1F9659}"
EndProject
Project("{FAE04EC0-301F-11D3-BF4B-00C04F79EFBC}") = "BuilderExercise_1", "src\CreationalPatterns\BuilderPattern\BuilderExercise_1\BuilderExercise_1.csproj", "{046FA999-8227-4B1C-867A-BF4902738101}"
EndProject
Project("{2150E333-8FDC-42A3-9474-1A3956D46DE8}") = "FactoryPattern", "FactoryPattern", "{BF261BA0-EB94-4E30-8343-69AEB282F36D}"
EndProject
Project("{FAE04EC0-301F-11D3-BF4B-00C04F79EFBC}") = "FactoryMethod", "src\CreationalPatterns\FactoryPattern\FactoryMethod\FactoryMethod.csproj", "{353D0DDF-7D64-40B0-AA43-B098CFA8E71E}"
EndProject
Project("{FAE04EC0-301F-11D3-BF4B-00C04F79EFBC}") = "PointExample", "src\CreationalPatterns\FactoryPattern\PointExample\PointExample.csproj", "{B08DEDE6-D6B3-4611-BBF9-52B437452540}"
EndProject
Project("{FAE04EC0-301F-11D3-BF4B-00C04F79EFBC}") = "AsynchronousFactoryMethod", "src\CreationalPatterns\FactoryPattern\AsynchronousFactoryMethod\AsynchronousFactoryMethod.csproj", "{D5E9BB35-7B76-41B4-A9EC-EC6773C2DAC2}"
EndProject
Project("{FAE04EC0-301F-11D3-BF4B-00C04F79EFBC}") = "Factory", "src\CreationalPatterns\FactoryPattern\Factory\Factory.csproj", "{D60A3D73-1C12-4A6E-BAD9-DFE32C328F62}"
EndProject
Project("{FAE04EC0-301F-11D3-BF4B-00C04F79EFBC}") = "ObjectTrackingAndBulkReplacement", "src\CreationalPatterns\FactoryPattern\ObjectTrackingAndBulkReplacement\ObjectTrackingAndBulkReplacement.csproj", "{EA7864BB-4E31-432C-B79F-B9B11AC30E87}"
EndProject
Project("{FAE04EC0-301F-11D3-BF4B-00C04F79EFBC}") = "AbstractFactory", "src\CreationalPatterns\FactoryPattern\AbstractFactory\AbstractFactory.csproj", "{3CA24183-A040-4281-A912-D86135339126}"
EndProject
Project("{FAE04EC0-301F-11D3-BF4B-00C04F79EFBC}") = "AbstractFactory_OCP", "src\CreationalPatterns\FactoryPattern\AbstractFactory_OCP\AbstractFactory_OCP.csproj", "{F3CC9FA6-BE7A-450D-8296-3173D63E0106}"
EndProject
Project("{FAE04EC0-301F-11D3-BF4B-00C04F79EFBC}") = "FactoryExercise_1", "src\CreationalPatterns\FactoryPattern\FactoryExercise_1\FactoryExercise_1.csproj", "{84583BE6-38E2-4EE3-B0A0-A9BF8635EA39}"
EndProject
Project("{2150E333-8FDC-42A3-9474-1A3956D46DE8}") = "PrototypePattern", "PrototypePattern", "{D56B0D4E-C8C9-491A-BC92-2BD40187416C}"
EndProject
Project("{FAE04EC0-301F-11D3-BF4B-00C04F79EFBC}") = "PrototypeInheritance", "src\CreationalPatterns\PrototypePattern\PrototypeInheritance\PrototypeInheritance.csproj", "{7D23007B-5EE1-44D5-A9BE-21927755FBFD}"
EndProject
Project("{2150E333-8FDC-42A3-9474-1A3956D46DE8}") = "BehavioralPatterns", "BehavioralPatterns", "{91FCA106-35C8-46EC-9B68-4B964A7E0A82}"
EndProject
Project("{2150E333-8FDC-42A3-9474-1A3956D46DE8}") = "SpecificationPattern", "SpecificationPattern", "{9DB1026A-70BF-44F7-BE45-CFB2180F6A29}"
EndProject
Project("{FAE04EC0-301F-11D3-BF4B-00C04F79EFBC}") = "SpecificationPattern", "src\BehavioralPatterns\SpecificationPattern\SpecificationPattern\SpecificationPattern.csproj", "{22533931-29B7-4370-ABE0-AA1156B1B2DA}"
EndProject
Project("{FAE04EC0-301F-11D3-BF4B-00C04F79EFBC}") = "CompositeSpecifications", "src\BehavioralPatterns\SpecificationPattern\CompositeSpecifications\CompositeSpecifications.csproj", "{2C0BB9C7-59A9-473F-886B-1D812EE2C394}"
EndProject
Project("{FAE04EC0-301F-11D3-BF4B-00C04F79EFBC}") = "CopyThroughSerialization", "src\CreationalPatterns\PrototypePattern\CopyThroughSerialization\CopyThroughSerialization.csproj", "{8A1D15DB-7C09-4C3F-B5E7-B3BBAF51B52F}"
EndProject
Project("{FAE04EC0-301F-11D3-BF4B-00C04F79EFBC}") = "PrototypeExercise_1", "src\CreationalPatterns\PrototypePattern\PrototypeExercise_1\PrototypeExercise_1.csproj", "{6E8FB801-9B4A-4795-9867-E76F13F04B79}"
EndProject
Project("{2150E333-8FDC-42A3-9474-1A3956D46DE8}") = "SingletonePattern", "SingletonePattern", "{DD4F11FB-33D9-4E7E-94CE-42064DA67AF8}"
EndProject
Project("{2150E333-8FDC-42A3-9474-1A3956D46DE8}") = "TestabilityIssues", "TestabilityIssues", "{C2E9A4CC-9258-4C32-95A4-D81ACBDBB135}"
EndProject
Project("{FAE04EC0-301F-11D3-BF4B-00C04F79EFBC}") = "SingletonImplementation", "src\CreationalPatterns\SingletonePattern\TestabilityIssues\SingletonImplementation\SingletonImplementation.csproj", "{84D77432-4CE3-4C8C-837A-F612FD1F0E65}"
EndProject
Project("{FAE04EC0-301F-11D3-BF4B-00C04F79EFBC}") = "TestabilityIssues", "src\CreationalPatterns\SingletonePattern\TestabilityIssues\TestabilityIssues\TestabilityIssues.csproj", "{3565AA5C-1BE8-4322-808B-F469FA2323FF}"
EndProject
Project("{FAE04EC0-301F-11D3-BF4B-00C04F79EFBC}") = "TestabilityIssuesTests", "src\CreationalPatterns\SingletonePattern\TestabilityIssues\TestabilityIssuesTests\TestabilityIssuesTests.csproj", "{3FE95197-4CBE-4F0A-90CC-280EDAB9DECD}"
EndProject
Project("{2150E333-8FDC-42A3-9474-1A3956D46DE8}") = "SingletonInDependencyInjection", "SingletonInDependencyInjection", "{EFABA1E7-E254-480C-A0EE-D8BA2CBEB6DF}"
EndProject
Project("{FAE04EC0-301F-11D3-BF4B-00C04F79EFBC}") = "SingletonInDependencyInjection", "src\CreationalPatterns\SingletonePattern\SingletonInDependencyInjection\SingletonInDependencyInjection\SingletonInDependencyInjection.csproj", "{115DCF87-70E4-4EB5-8403-7C1FA0967B3A}"
EndProject
Project("{FAE04EC0-301F-11D3-BF4B-00C04F79EFBC}") = "SingletonInDependencyInjectionTests", "src\CreationalPatterns\SingletonePattern\SingletonInDependencyInjection\SingletonInDependencyInjectionTests\SingletonInDependencyInjectionTests.csproj", "{DDE5F4EF-3024-49BD-BE86-1CA1EB8FD2C7}"
EndProject
Project("{FAE04EC0-301F-11D3-BF4B-00C04F79EFBC}") = "Monostate", "src\CreationalPatterns\SingletonePattern\Monostate\Monostate.csproj", "{ACBE60EE-DE0E-4B94-AB82-58FBDCFF7E9B}"
EndProject
Project("{FAE04EC0-301F-11D3-BF4B-00C04F79EFBC}") = "PerThreadSingleton", "src\CreationalPatterns\SingletonePattern\PerThreadSingleton\PerThreadSingleton.csproj", "{5D447035-8363-44B2-84B0-60CD452B7ECB}"
EndProject
Project("{FAE04EC0-301F-11D3-BF4B-00C04F79EFBC}") = "AmbientContext", "src\CreationalPatterns\SingletonePattern\AmbientContext\AmbientContext.csproj", "{FAEF8B59-60BF-4823-BF1A-52B44BA9D183}"
EndProject
Project("{2150E333-8FDC-42A3-9474-1A3956D46DE8}") = "StructuralPatterns", "StructuralPatterns", "{05F4C26B-8681-48DB-9C00-270212884FA2}"
EndProject
Project("{2150E333-8FDC-42A3-9474-1A3956D46DE8}") = "AdapterPattern", "AdapterPattern", "{F2F48FFC-221B-4A81-ACB2-3BC26D16DEA6}"
EndProject
Project("{FAE04EC0-301F-11D3-BF4B-00C04F79EFBC}") = "VectorRasterDemo", "src\StructuralPatterns\VectorRasterDemo\VectorRasterDemo.csproj", "{DEEFC680-98E8-4787-A87B-E769B3C1425B}"
EndProject
Global
	GlobalSection(SolutionConfigurationPlatforms) = preSolution
		Debug|Any CPU = Debug|Any CPU
		Release|Any CPU = Release|Any CPU
	EndGlobalSection
	GlobalSection(NestedProjects) = preSolution
		{6646115B-E7E0-47E4-99EB-7D9387F03C62} = {08316839-BF41-4347-85E0-8C919724ADB3}
		{C3C776C8-294B-40E1-86E4-E9AB7F3BB4A8} = {6646115B-E7E0-47E4-99EB-7D9387F03C62}
		{71C2B3D1-404F-452B-9912-8692F43E22F1} = {C3C776C8-294B-40E1-86E4-E9AB7F3BB4A8}
		{0A3A631A-F831-4595-A99C-A620BA22D150} = {C3C776C8-294B-40E1-86E4-E9AB7F3BB4A8}
		{33E42F1A-F73D-49C0-A65F-CF4E310A9216} = {C3C776C8-294B-40E1-86E4-E9AB7F3BB4A8}
		{98FF2257-F18B-4582-BDF0-3CC98738815A} = {C3C776C8-294B-40E1-86E4-E9AB7F3BB4A8}
		{26D6C649-1D50-4124-BACC-E490D1F21461} = {C3C776C8-294B-40E1-86E4-E9AB7F3BB4A8}
		{D25BF6FD-4969-449D-B86B-7CE4F8B65DB8} = {C3C776C8-294B-40E1-86E4-E9AB7F3BB4A8}
		{1C8D3B23-DC91-467E-AE5C-4522FF1F9659} = {C3C776C8-294B-40E1-86E4-E9AB7F3BB4A8}
		{046FA999-8227-4B1C-867A-BF4902738101} = {C3C776C8-294B-40E1-86E4-E9AB7F3BB4A8}
		{BF261BA0-EB94-4E30-8343-69AEB282F36D} = {6646115B-E7E0-47E4-99EB-7D9387F03C62}
		{353D0DDF-7D64-40B0-AA43-B098CFA8E71E} = {BF261BA0-EB94-4E30-8343-69AEB282F36D}
		{B08DEDE6-D6B3-4611-BBF9-52B437452540} = {BF261BA0-EB94-4E30-8343-69AEB282F36D}
		{D5E9BB35-7B76-41B4-A9EC-EC6773C2DAC2} = {BF261BA0-EB94-4E30-8343-69AEB282F36D}
		{D60A3D73-1C12-4A6E-BAD9-DFE32C328F62} = {BF261BA0-EB94-4E30-8343-69AEB282F36D}
		{EA7864BB-4E31-432C-B79F-B9B11AC30E87} = {BF261BA0-EB94-4E30-8343-69AEB282F36D}
		{3CA24183-A040-4281-A912-D86135339126} = {BF261BA0-EB94-4E30-8343-69AEB282F36D}
		{F3CC9FA6-BE7A-450D-8296-3173D63E0106} = {BF261BA0-EB94-4E30-8343-69AEB282F36D}
		{84583BE6-38E2-4EE3-B0A0-A9BF8635EA39} = {BF261BA0-EB94-4E30-8343-69AEB282F36D}
		{D56B0D4E-C8C9-491A-BC92-2BD40187416C} = {6646115B-E7E0-47E4-99EB-7D9387F03C62}
		{7D23007B-5EE1-44D5-A9BE-21927755FBFD} = {D56B0D4E-C8C9-491A-BC92-2BD40187416C}
		{91FCA106-35C8-46EC-9B68-4B964A7E0A82} = {08316839-BF41-4347-85E0-8C919724ADB3}
		{9DB1026A-70BF-44F7-BE45-CFB2180F6A29} = {91FCA106-35C8-46EC-9B68-4B964A7E0A82}
		{22533931-29B7-4370-ABE0-AA1156B1B2DA} = {9DB1026A-70BF-44F7-BE45-CFB2180F6A29}
		{2C0BB9C7-59A9-473F-886B-1D812EE2C394} = {9DB1026A-70BF-44F7-BE45-CFB2180F6A29}
		{8A1D15DB-7C09-4C3F-B5E7-B3BBAF51B52F} = {D56B0D4E-C8C9-491A-BC92-2BD40187416C}
		{6E8FB801-9B4A-4795-9867-E76F13F04B79} = {D56B0D4E-C8C9-491A-BC92-2BD40187416C}
		{DD4F11FB-33D9-4E7E-94CE-42064DA67AF8} = {6646115B-E7E0-47E4-99EB-7D9387F03C62}
		{C2E9A4CC-9258-4C32-95A4-D81ACBDBB135} = {DD4F11FB-33D9-4E7E-94CE-42064DA67AF8}
		{84D77432-4CE3-4C8C-837A-F612FD1F0E65} = {C2E9A4CC-9258-4C32-95A4-D81ACBDBB135}
		{3565AA5C-1BE8-4322-808B-F469FA2323FF} = {C2E9A4CC-9258-4C32-95A4-D81ACBDBB135}
		{3FE95197-4CBE-4F0A-90CC-280EDAB9DECD} = {C2E9A4CC-9258-4C32-95A4-D81ACBDBB135}
		{EFABA1E7-E254-480C-A0EE-D8BA2CBEB6DF} = {DD4F11FB-33D9-4E7E-94CE-42064DA67AF8}
		{115DCF87-70E4-4EB5-8403-7C1FA0967B3A} = {EFABA1E7-E254-480C-A0EE-D8BA2CBEB6DF}
		{DDE5F4EF-3024-49BD-BE86-1CA1EB8FD2C7} = {EFABA1E7-E254-480C-A0EE-D8BA2CBEB6DF}
		{ACBE60EE-DE0E-4B94-AB82-58FBDCFF7E9B} = {DD4F11FB-33D9-4E7E-94CE-42064DA67AF8}
		{5D447035-8363-44B2-84B0-60CD452B7ECB} = {DD4F11FB-33D9-4E7E-94CE-42064DA67AF8}
		{FAEF8B59-60BF-4823-BF1A-52B44BA9D183} = {DD4F11FB-33D9-4E7E-94CE-42064DA67AF8}
		{05F4C26B-8681-48DB-9C00-270212884FA2} = {08316839-BF41-4347-85E0-8C919724ADB3}
		{F2F48FFC-221B-4A81-ACB2-3BC26D16DEA6} = {05F4C26B-8681-48DB-9C00-270212884FA2}
		{DEEFC680-98E8-4787-A87B-E769B3C1425B} = {F2F48FFC-221B-4A81-ACB2-3BC26D16DEA6}
	EndGlobalSection
	GlobalSection(ProjectConfigurationPlatforms) = postSolution
		{71C2B3D1-404F-452B-9912-8692F43E22F1}.Debug|Any CPU.ActiveCfg = Debug|Any CPU
		{71C2B3D1-404F-452B-9912-8692F43E22F1}.Debug|Any CPU.Build.0 = Debug|Any CPU
		{71C2B3D1-404F-452B-9912-8692F43E22F1}.Release|Any CPU.ActiveCfg = Release|Any CPU
		{71C2B3D1-404F-452B-9912-8692F43E22F1}.Release|Any CPU.Build.0 = Release|Any CPU
		{0A3A631A-F831-4595-A99C-A620BA22D150}.Debug|Any CPU.ActiveCfg = Debug|Any CPU
		{0A3A631A-F831-4595-A99C-A620BA22D150}.Debug|Any CPU.Build.0 = Debug|Any CPU
		{0A3A631A-F831-4595-A99C-A620BA22D150}.Release|Any CPU.ActiveCfg = Release|Any CPU
		{0A3A631A-F831-4595-A99C-A620BA22D150}.Release|Any CPU.Build.0 = Release|Any CPU
		{33E42F1A-F73D-49C0-A65F-CF4E310A9216}.Debug|Any CPU.ActiveCfg = Debug|Any CPU
		{33E42F1A-F73D-49C0-A65F-CF4E310A9216}.Debug|Any CPU.Build.0 = Debug|Any CPU
		{33E42F1A-F73D-49C0-A65F-CF4E310A9216}.Release|Any CPU.ActiveCfg = Release|Any CPU
		{33E42F1A-F73D-49C0-A65F-CF4E310A9216}.Release|Any CPU.Build.0 = Release|Any CPU
		{98FF2257-F18B-4582-BDF0-3CC98738815A}.Debug|Any CPU.ActiveCfg = Debug|Any CPU
		{98FF2257-F18B-4582-BDF0-3CC98738815A}.Debug|Any CPU.Build.0 = Debug|Any CPU
		{98FF2257-F18B-4582-BDF0-3CC98738815A}.Release|Any CPU.ActiveCfg = Release|Any CPU
		{98FF2257-F18B-4582-BDF0-3CC98738815A}.Release|Any CPU.Build.0 = Release|Any CPU
		{26D6C649-1D50-4124-BACC-E490D1F21461}.Debug|Any CPU.ActiveCfg = Debug|Any CPU
		{26D6C649-1D50-4124-BACC-E490D1F21461}.Debug|Any CPU.Build.0 = Debug|Any CPU
		{26D6C649-1D50-4124-BACC-E490D1F21461}.Release|Any CPU.ActiveCfg = Release|Any CPU
		{26D6C649-1D50-4124-BACC-E490D1F21461}.Release|Any CPU.Build.0 = Release|Any CPU
		{D25BF6FD-4969-449D-B86B-7CE4F8B65DB8}.Debug|Any CPU.ActiveCfg = Debug|Any CPU
		{D25BF6FD-4969-449D-B86B-7CE4F8B65DB8}.Debug|Any CPU.Build.0 = Debug|Any CPU
		{D25BF6FD-4969-449D-B86B-7CE4F8B65DB8}.Release|Any CPU.ActiveCfg = Release|Any CPU
		{D25BF6FD-4969-449D-B86B-7CE4F8B65DB8}.Release|Any CPU.Build.0 = Release|Any CPU
		{1C8D3B23-DC91-467E-AE5C-4522FF1F9659}.Debug|Any CPU.ActiveCfg = Debug|Any CPU
		{1C8D3B23-DC91-467E-AE5C-4522FF1F9659}.Debug|Any CPU.Build.0 = Debug|Any CPU
		{1C8D3B23-DC91-467E-AE5C-4522FF1F9659}.Release|Any CPU.ActiveCfg = Release|Any CPU
		{1C8D3B23-DC91-467E-AE5C-4522FF1F9659}.Release|Any CPU.Build.0 = Release|Any CPU
		{046FA999-8227-4B1C-867A-BF4902738101}.Debug|Any CPU.ActiveCfg = Debug|Any CPU
		{046FA999-8227-4B1C-867A-BF4902738101}.Debug|Any CPU.Build.0 = Debug|Any CPU
		{046FA999-8227-4B1C-867A-BF4902738101}.Release|Any CPU.ActiveCfg = Release|Any CPU
		{046FA999-8227-4B1C-867A-BF4902738101}.Release|Any CPU.Build.0 = Release|Any CPU
		{353D0DDF-7D64-40B0-AA43-B098CFA8E71E}.Debug|Any CPU.ActiveCfg = Debug|Any CPU
		{353D0DDF-7D64-40B0-AA43-B098CFA8E71E}.Debug|Any CPU.Build.0 = Debug|Any CPU
		{353D0DDF-7D64-40B0-AA43-B098CFA8E71E}.Release|Any CPU.ActiveCfg = Release|Any CPU
		{353D0DDF-7D64-40B0-AA43-B098CFA8E71E}.Release|Any CPU.Build.0 = Release|Any CPU
		{B08DEDE6-D6B3-4611-BBF9-52B437452540}.Debug|Any CPU.ActiveCfg = Debug|Any CPU
		{B08DEDE6-D6B3-4611-BBF9-52B437452540}.Debug|Any CPU.Build.0 = Debug|Any CPU
		{B08DEDE6-D6B3-4611-BBF9-52B437452540}.Release|Any CPU.ActiveCfg = Release|Any CPU
		{B08DEDE6-D6B3-4611-BBF9-52B437452540}.Release|Any CPU.Build.0 = Release|Any CPU
		{D5E9BB35-7B76-41B4-A9EC-EC6773C2DAC2}.Debug|Any CPU.ActiveCfg = Debug|Any CPU
		{D5E9BB35-7B76-41B4-A9EC-EC6773C2DAC2}.Debug|Any CPU.Build.0 = Debug|Any CPU
		{D5E9BB35-7B76-41B4-A9EC-EC6773C2DAC2}.Release|Any CPU.ActiveCfg = Release|Any CPU
		{D5E9BB35-7B76-41B4-A9EC-EC6773C2DAC2}.Release|Any CPU.Build.0 = Release|Any CPU
		{D60A3D73-1C12-4A6E-BAD9-DFE32C328F62}.Debug|Any CPU.ActiveCfg = Debug|Any CPU
		{D60A3D73-1C12-4A6E-BAD9-DFE32C328F62}.Debug|Any CPU.Build.0 = Debug|Any CPU
		{D60A3D73-1C12-4A6E-BAD9-DFE32C328F62}.Release|Any CPU.ActiveCfg = Release|Any CPU
		{D60A3D73-1C12-4A6E-BAD9-DFE32C328F62}.Release|Any CPU.Build.0 = Release|Any CPU
		{EA7864BB-4E31-432C-B79F-B9B11AC30E87}.Debug|Any CPU.ActiveCfg = Debug|Any CPU
		{EA7864BB-4E31-432C-B79F-B9B11AC30E87}.Debug|Any CPU.Build.0 = Debug|Any CPU
		{EA7864BB-4E31-432C-B79F-B9B11AC30E87}.Release|Any CPU.ActiveCfg = Release|Any CPU
		{EA7864BB-4E31-432C-B79F-B9B11AC30E87}.Release|Any CPU.Build.0 = Release|Any CPU
		{3CA24183-A040-4281-A912-D86135339126}.Debug|Any CPU.ActiveCfg = Debug|Any CPU
		{3CA24183-A040-4281-A912-D86135339126}.Debug|Any CPU.Build.0 = Debug|Any CPU
		{3CA24183-A040-4281-A912-D86135339126}.Release|Any CPU.ActiveCfg = Release|Any CPU
		{3CA24183-A040-4281-A912-D86135339126}.Release|Any CPU.Build.0 = Release|Any CPU
		{F3CC9FA6-BE7A-450D-8296-3173D63E0106}.Debug|Any CPU.ActiveCfg = Debug|Any CPU
		{F3CC9FA6-BE7A-450D-8296-3173D63E0106}.Debug|Any CPU.Build.0 = Debug|Any CPU
		{F3CC9FA6-BE7A-450D-8296-3173D63E0106}.Release|Any CPU.ActiveCfg = Release|Any CPU
		{F3CC9FA6-BE7A-450D-8296-3173D63E0106}.Release|Any CPU.Build.0 = Release|Any CPU
		{84583BE6-38E2-4EE3-B0A0-A9BF8635EA39}.Debug|Any CPU.ActiveCfg = Debug|Any CPU
		{84583BE6-38E2-4EE3-B0A0-A9BF8635EA39}.Debug|Any CPU.Build.0 = Debug|Any CPU
		{84583BE6-38E2-4EE3-B0A0-A9BF8635EA39}.Release|Any CPU.ActiveCfg = Release|Any CPU
		{84583BE6-38E2-4EE3-B0A0-A9BF8635EA39}.Release|Any CPU.Build.0 = Release|Any CPU
		{7D23007B-5EE1-44D5-A9BE-21927755FBFD}.Debug|Any CPU.ActiveCfg = Debug|Any CPU
		{7D23007B-5EE1-44D5-A9BE-21927755FBFD}.Debug|Any CPU.Build.0 = Debug|Any CPU
		{7D23007B-5EE1-44D5-A9BE-21927755FBFD}.Release|Any CPU.ActiveCfg = Release|Any CPU
		{7D23007B-5EE1-44D5-A9BE-21927755FBFD}.Release|Any CPU.Build.0 = Release|Any CPU
		{22533931-29B7-4370-ABE0-AA1156B1B2DA}.Debug|Any CPU.ActiveCfg = Debug|Any CPU
		{22533931-29B7-4370-ABE0-AA1156B1B2DA}.Debug|Any CPU.Build.0 = Debug|Any CPU
		{22533931-29B7-4370-ABE0-AA1156B1B2DA}.Release|Any CPU.ActiveCfg = Release|Any CPU
		{22533931-29B7-4370-ABE0-AA1156B1B2DA}.Release|Any CPU.Build.0 = Release|Any CPU
		{2C0BB9C7-59A9-473F-886B-1D812EE2C394}.Debug|Any CPU.ActiveCfg = Debug|Any CPU
		{2C0BB9C7-59A9-473F-886B-1D812EE2C394}.Debug|Any CPU.Build.0 = Debug|Any CPU
		{2C0BB9C7-59A9-473F-886B-1D812EE2C394}.Release|Any CPU.ActiveCfg = Release|Any CPU
		{2C0BB9C7-59A9-473F-886B-1D812EE2C394}.Release|Any CPU.Build.0 = Release|Any CPU
		{8A1D15DB-7C09-4C3F-B5E7-B3BBAF51B52F}.Debug|Any CPU.ActiveCfg = Debug|Any CPU
		{8A1D15DB-7C09-4C3F-B5E7-B3BBAF51B52F}.Debug|Any CPU.Build.0 = Debug|Any CPU
		{8A1D15DB-7C09-4C3F-B5E7-B3BBAF51B52F}.Release|Any CPU.ActiveCfg = Release|Any CPU
		{8A1D15DB-7C09-4C3F-B5E7-B3BBAF51B52F}.Release|Any CPU.Build.0 = Release|Any CPU
		{6E8FB801-9B4A-4795-9867-E76F13F04B79}.Debug|Any CPU.ActiveCfg = Debug|Any CPU
		{6E8FB801-9B4A-4795-9867-E76F13F04B79}.Debug|Any CPU.Build.0 = Debug|Any CPU
		{6E8FB801-9B4A-4795-9867-E76F13F04B79}.Release|Any CPU.ActiveCfg = Release|Any CPU
		{6E8FB801-9B4A-4795-9867-E76F13F04B79}.Release|Any CPU.Build.0 = Release|Any CPU
		{84D77432-4CE3-4C8C-837A-F612FD1F0E65}.Debug|Any CPU.ActiveCfg = Debug|Any CPU
		{84D77432-4CE3-4C8C-837A-F612FD1F0E65}.Debug|Any CPU.Build.0 = Debug|Any CPU
		{84D77432-4CE3-4C8C-837A-F612FD1F0E65}.Release|Any CPU.ActiveCfg = Release|Any CPU
		{84D77432-4CE3-4C8C-837A-F612FD1F0E65}.Release|Any CPU.Build.0 = Release|Any CPU
		{3565AA5C-1BE8-4322-808B-F469FA2323FF}.Debug|Any CPU.ActiveCfg = Debug|Any CPU
		{3565AA5C-1BE8-4322-808B-F469FA2323FF}.Debug|Any CPU.Build.0 = Debug|Any CPU
		{3565AA5C-1BE8-4322-808B-F469FA2323FF}.Release|Any CPU.ActiveCfg = Release|Any CPU
		{3565AA5C-1BE8-4322-808B-F469FA2323FF}.Release|Any CPU.Build.0 = Release|Any CPU
		{3FE95197-4CBE-4F0A-90CC-280EDAB9DECD}.Debug|Any CPU.ActiveCfg = Debug|Any CPU
		{3FE95197-4CBE-4F0A-90CC-280EDAB9DECD}.Debug|Any CPU.Build.0 = Debug|Any CPU
		{3FE95197-4CBE-4F0A-90CC-280EDAB9DECD}.Release|Any CPU.ActiveCfg = Release|Any CPU
		{3FE95197-4CBE-4F0A-90CC-280EDAB9DECD}.Release|Any CPU.Build.0 = Release|Any CPU
		{115DCF87-70E4-4EB5-8403-7C1FA0967B3A}.Debug|Any CPU.ActiveCfg = Debug|Any CPU
		{115DCF87-70E4-4EB5-8403-7C1FA0967B3A}.Debug|Any CPU.Build.0 = Debug|Any CPU
		{115DCF87-70E4-4EB5-8403-7C1FA0967B3A}.Release|Any CPU.ActiveCfg = Release|Any CPU
		{115DCF87-70E4-4EB5-8403-7C1FA0967B3A}.Release|Any CPU.Build.0 = Release|Any CPU
		{DDE5F4EF-3024-49BD-BE86-1CA1EB8FD2C7}.Debug|Any CPU.ActiveCfg = Debug|Any CPU
		{DDE5F4EF-3024-49BD-BE86-1CA1EB8FD2C7}.Debug|Any CPU.Build.0 = Debug|Any CPU
		{DDE5F4EF-3024-49BD-BE86-1CA1EB8FD2C7}.Release|Any CPU.ActiveCfg = Release|Any CPU
		{DDE5F4EF-3024-49BD-BE86-1CA1EB8FD2C7}.Release|Any CPU.Build.0 = Release|Any CPU
		{ACBE60EE-DE0E-4B94-AB82-58FBDCFF7E9B}.Debug|Any CPU.ActiveCfg = Debug|Any CPU
		{ACBE60EE-DE0E-4B94-AB82-58FBDCFF7E9B}.Debug|Any CPU.Build.0 = Debug|Any CPU
		{ACBE60EE-DE0E-4B94-AB82-58FBDCFF7E9B}.Release|Any CPU.ActiveCfg = Release|Any CPU
		{ACBE60EE-DE0E-4B94-AB82-58FBDCFF7E9B}.Release|Any CPU.Build.0 = Release|Any CPU
		{5D447035-8363-44B2-84B0-60CD452B7ECB}.Debug|Any CPU.ActiveCfg = Debug|Any CPU
		{5D447035-8363-44B2-84B0-60CD452B7ECB}.Debug|Any CPU.Build.0 = Debug|Any CPU
		{5D447035-8363-44B2-84B0-60CD452B7ECB}.Release|Any CPU.ActiveCfg = Release|Any CPU
		{5D447035-8363-44B2-84B0-60CD452B7ECB}.Release|Any CPU.Build.0 = Release|Any CPU
		{FAEF8B59-60BF-4823-BF1A-52B44BA9D183}.Debug|Any CPU.ActiveCfg = Debug|Any CPU
		{FAEF8B59-60BF-4823-BF1A-52B44BA9D183}.Debug|Any CPU.Build.0 = Debug|Any CPU
		{FAEF8B59-60BF-4823-BF1A-52B44BA9D183}.Release|Any CPU.ActiveCfg = Release|Any CPU
		{FAEF8B59-60BF-4823-BF1A-52B44BA9D183}.Release|Any CPU.Build.0 = Release|Any CPU
		{DEEFC680-98E8-4787-A87B-E769B3C1425B}.Debug|Any CPU.ActiveCfg = Debug|Any CPU
		{DEEFC680-98E8-4787-A87B-E769B3C1425B}.Debug|Any CPU.Build.0 = Debug|Any CPU
		{DEEFC680-98E8-4787-A87B-E769B3C1425B}.Release|Any CPU.ActiveCfg = Release|Any CPU
		{DEEFC680-98E8-4787-A87B-E769B3C1425B}.Release|Any CPU.Build.0 = Release|Any CPU
	EndGlobalSection
EndGlobal
