
Microsoft Visual Studio Solution File, Format Version 12.00
Project("{2150E333-8FDC-42A3-9474-1A3956D46DE8}") = "src", "src", "{08316839-BF41-4347-85E0-8C919724ADB3}"
EndProject
Project("{2150E333-8FDC-42A3-9474-1A3956D46DE8}") = "CreationalPatterns", "CreationalPatterns", "{6646115B-E7E0-47E4-99EB-7D9387F03C62}"
EndProject
Project("{2150E333-8FDC-42A3-9474-1A3956D46DE8}") = "BuilderPattern", "BuilderPattern", "{C3C776C8-294B-40E1-86E4-E9AB7F3BB4A8}"
EndProject
Project("{FAE04EC0-301F-11D3-BF4B-00C04F79EFBC}") = "Builder", "src\CreationalPatterns\BuilderPattern\Builder\Builder.csproj", "{71C2B3D1-404F-452B-9912-8692F43E22F1}"
EndProject
Project("{FAE04EC0-301F-11D3-BF4B-00C04F79EFBC}") = "LifeWithoutBuilder", "src\CreationalPatterns\BuilderPattern\LifeWithoutBuilder\LifeWithoutBuilder.csproj", "{0A3A631A-F831-4595-A99C-A620BA22D150}"
EndProject
Project("{FAE04EC0-301F-11D3-BF4B-00C04F79EFBC}") = "FluentBuilder", "src\CreationalPatterns\BuilderPattern\FluentBuilder\FluentBuilder.csproj", "{33E42F1A-F73D-49C0-A65F-CF4E310A9216}"
EndProject
Project("{FAE04EC0-301F-11D3-BF4B-00C04F79EFBC}") = "FluentBuilderInheritanceWithRecursiveGenerics", "src\CreationalPatterns\BuilderPattern\FluentBuilderInheritanceWithRecursiveGenerics\FluentBuilderInheritanceWithRecursiveGenerics.csproj", "{98FF2257-F18B-4582-BDF0-3CC98738815A}"
EndProject
Project("{FAE04EC0-301F-11D3-BF4B-00C04F79EFBC}") = "StepwiseBuilder", "src\CreationalPatterns\BuilderPattern\StepwiseBuilder\StepwiseBuilder.csproj", "{26D6C649-1D50-4124-BACC-E490D1F21461}"
EndProject
Project("{FAE04EC0-301F-11D3-BF4B-00C04F79EFBC}") = "FunctionalBuilder", "src\CreationalPatterns\BuilderPattern\FunctionalBuilder\FunctionalBuilder.csproj", "{D25BF6FD-4969-449D-B86B-7CE4F8B65DB8}"
EndProject
Project("{FAE04EC0-301F-11D3-BF4B-00C04F79EFBC}") = "FacetedBuilder", "src\CreationalPatterns\BuilderPattern\FacetedBuilder\FacetedBuilder.csproj", "{1C8D3B23-DC91-467E-AE5C-4522FF1F9659}"
EndProject
Project("{FAE04EC0-301F-11D3-BF4B-00C04F79EFBC}") = "BuilderExercise_1", "src\CreationalPatterns\BuilderPattern\BuilderExercise_1\BuilderExercise_1.csproj", "{046FA999-8227-4B1C-867A-BF4902738101}"
EndProject
Project("{2150E333-8FDC-42A3-9474-1A3956D46DE8}") = "FactoryPattern", "FactoryPattern", "{BF261BA0-EB94-4E30-8343-69AEB282F36D}"
EndProject
Project("{FAE04EC0-301F-11D3-BF4B-00C04F79EFBC}") = "FactoryMethod", "src\CreationalPatterns\FactoryPattern\FactoryMethod\FactoryMethod.csproj", "{353D0DDF-7D64-40B0-AA43-B098CFA8E71E}"
EndProject
Project("{FAE04EC0-301F-11D3-BF4B-00C04F79EFBC}") = "PointExample", "src\CreationalPatterns\FactoryPattern\PointExample\PointExample.csproj", "{B08DEDE6-D6B3-4611-BBF9-52B437452540}"
EndProject
Project("{FAE04EC0-301F-11D3-BF4B-00C04F79EFBC}") = "AsynchronousFactoryMethod", "src\CreationalPatterns\FactoryPattern\AsynchronousFactoryMethod\AsynchronousFactoryMethod.csproj", "{D5E9BB35-7B76-41B4-A9EC-EC6773C2DAC2}"
EndProject
Project("{FAE04EC0-301F-11D3-BF4B-00C04F79EFBC}") = "Factory", "src\CreationalPatterns\FactoryPattern\Factory\Factory.csproj", "{D60A3D73-1C12-4A6E-BAD9-DFE32C328F62}"
EndProject
Project("{FAE04EC0-301F-11D3-BF4B-00C04F79EFBC}") = "ObjectTrackingAndBulkReplacement", "src\CreationalPatterns\FactoryPattern\ObjectTrackingAndBulkReplacement\ObjectTrackingAndBulkReplacement.csproj", "{EA7864BB-4E31-432C-B79F-B9B11AC30E87}"
EndProject
Project("{FAE04EC0-301F-11D3-BF4B-00C04F79EFBC}") = "AbstractFactory", "src\CreationalPatterns\FactoryPattern\AbstractFactory\AbstractFactory.csproj", "{3CA24183-A040-4281-A912-D86135339126}"
EndProject
Project("{FAE04EC0-301F-11D3-BF4B-00C04F79EFBC}") = "AbstractFactory_OCP", "src\CreationalPatterns\FactoryPattern\AbstractFactory_OCP\AbstractFactory_OCP.csproj", "{F3CC9FA6-BE7A-450D-8296-3173D63E0106}"
EndProject
Project("{FAE04EC0-301F-11D3-BF4B-00C04F79EFBC}") = "FactoryExercise_1", "src\CreationalPatterns\FactoryPattern\FactoryExercise_1\FactoryExercise_1.csproj", "{84583BE6-38E2-4EE3-B0A0-A9BF8635EA39}"
EndProject
Project("{2150E333-8FDC-42A3-9474-1A3956D46DE8}") = "PrototypePattern", "PrototypePattern", "{D56B0D4E-C8C9-491A-BC92-2BD40187416C}"
EndProject
Project("{FAE04EC0-301F-11D3-BF4B-00C04F79EFBC}") = "PrototypeInheritance", "src\CreationalPatterns\PrototypePattern\PrototypeInheritance\PrototypeInheritance.csproj", "{7D23007B-5EE1-44D5-A9BE-21927755FBFD}"
EndProject
Project("{2150E333-8FDC-42A3-9474-1A3956D46DE8}") = "BehavioralPatterns", "BehavioralPatterns", "{91FCA106-35C8-46EC-9B68-4B964A7E0A82}"
EndProject
Project("{2150E333-8FDC-42A3-9474-1A3956D46DE8}") = "SpecificationPattern", "SpecificationPattern", "{9DB1026A-70BF-44F7-BE45-CFB2180F6A29}"
EndProject
Project("{FAE04EC0-301F-11D3-BF4B-00C04F79EFBC}") = "SpecificationPattern", "src\BehavioralPatterns\SpecificationPattern\SpecificationPattern\SpecificationPattern.csproj", "{22533931-29B7-4370-ABE0-AA1156B1B2DA}"
EndProject
Project("{FAE04EC0-301F-11D3-BF4B-00C04F79EFBC}") = "CompositeSpecifications", "src\BehavioralPatterns\SpecificationPattern\CompositeSpecifications\CompositeSpecifications.csproj", "{2C0BB9C7-59A9-473F-886B-1D812EE2C394}"
EndProject
Project("{FAE04EC0-301F-11D3-BF4B-00C04F79EFBC}") = "CopyThroughSerialization", "src\CreationalPatterns\PrototypePattern\CopyThroughSerialization\CopyThroughSerialization.csproj", "{8A1D15DB-7C09-4C3F-B5E7-B3BBAF51B52F}"
EndProject
Project("{FAE04EC0-301F-11D3-BF4B-00C04F79EFBC}") = "PrototypeExercise_1", "src\CreationalPatterns\PrototypePattern\PrototypeExercise_1\PrototypeExercise_1.csproj", "{6E8FB801-9B4A-4795-9867-E76F13F04B79}"
EndProject
Project("{2150E333-8FDC-42A3-9474-1A3956D46DE8}") = "SingletonePattern", "SingletonePattern", "{DD4F11FB-33D9-4E7E-94CE-42064DA67AF8}"
EndProject
Project("{2150E333-8FDC-42A3-9474-1A3956D46DE8}") = "TestabilityIssues", "TestabilityIssues", "{C2E9A4CC-9258-4C32-95A4-D81ACBDBB135}"
EndProject
Project("{FAE04EC0-301F-11D3-BF4B-00C04F79EFBC}") = "SingletonImplementation", "src\CreationalPatterns\SingletonePattern\TestabilityIssues\SingletonImplementation\SingletonImplementation.csproj", "{84D77432-4CE3-4C8C-837A-F612FD1F0E65}"
EndProject
Project("{FAE04EC0-301F-11D3-BF4B-00C04F79EFBC}") = "TestabilityIssues", "src\CreationalPatterns\SingletonePattern\TestabilityIssues\TestabilityIssues\TestabilityIssues.csproj", "{3565AA5C-1BE8-4322-808B-F469FA2323FF}"
EndProject
Project("{FAE04EC0-301F-11D3-BF4B-00C04F79EFBC}") = "TestabilityIssuesTests", "src\CreationalPatterns\SingletonePattern\TestabilityIssues\TestabilityIssuesTests\TestabilityIssuesTests.csproj", "{3FE95197-4CBE-4F0A-90CC-280EDAB9DECD}"
EndProject
Project("{2150E333-8FDC-42A3-9474-1A3956D46DE8}") = "SingletonInDependencyInjection", "SingletonInDependencyInjection", "{EFABA1E7-E254-480C-A0EE-D8BA2CBEB6DF}"
EndProject
Project("{FAE04EC0-301F-11D3-BF4B-00C04F79EFBC}") = "SingletonInDependencyInjection", "src\CreationalPatterns\SingletonePattern\SingletonInDependencyInjection\SingletonInDependencyInjection\SingletonInDependencyInjection.csproj", "{115DCF87-70E4-4EB5-8403-7C1FA0967B3A}"
EndProject
Project("{FAE04EC0-301F-11D3-BF4B-00C04F79EFBC}") = "SingletonInDependencyInjectionTests", "src\CreationalPatterns\SingletonePattern\SingletonInDependencyInjection\SingletonInDependencyInjectionTests\SingletonInDependencyInjectionTests.csproj", "{DDE5F4EF-3024-49BD-BE86-1CA1EB8FD2C7}"
EndProject
Project("{FAE04EC0-301F-11D3-BF4B-00C04F79EFBC}") = "Monostate", "src\CreationalPatterns\SingletonePattern\Monostate\Monostate.csproj", "{ACBE60EE-DE0E-4B94-AB82-58FBDCFF7E9B}"
EndProject
Project("{FAE04EC0-301F-11D3-BF4B-00C04F79EFBC}") = "PerThreadSingleton", "src\CreationalPatterns\SingletonePattern\PerThreadSingleton\PerThreadSingleton.csproj", "{5D447035-8363-44B2-84B0-60CD452B7ECB}"
EndProject
Project("{FAE04EC0-301F-11D3-BF4B-00C04F79EFBC}") = "AmbientContext", "src\CreationalPatterns\SingletonePattern\AmbientContext\AmbientContext.csproj", "{FAEF8B59-60BF-4823-BF1A-52B44BA9D183}"
EndProject
Project("{2150E333-8FDC-42A3-9474-1A3956D46DE8}") = "StructuralPatterns", "StructuralPatterns", "{05F4C26B-8681-48DB-9C00-270212884FA2}"
EndProject
Project("{2150E333-8FDC-42A3-9474-1A3956D46DE8}") = "AdapterPattern", "AdapterPattern", "{F2F48FFC-221B-4A81-ACB2-3BC26D16DEA6}"
EndProject
Project("{FAE04EC0-301F-11D3-BF4B-00C04F79EFBC}") = "AdapterCaching", "src\StructuralPatterns\AdapterPattern\AdapterCaching\AdapterCaching.csproj", "{C2F18AAB-EC22-4D5D-BC68-3CE2F637020C}"
EndProject
Project("{FAE04EC0-301F-11D3-BF4B-00C04F79EFBC}") = "AdapterInDependencyInjection", "src\StructuralPatterns\AdapterPattern\AdapterInDependencyInjection\AdapterInDependencyInjection.csproj", "{1EE7FBBE-0D69-4915-9E96-09FEF0E3A577}"
EndProject
Project("{FAE04EC0-301F-11D3-BF4B-00C04F79EFBC}") = "Exercise_1", "src\StructuralPatterns\AdapterPattern\Exercise_1\Exercise_1.csproj", "{C475EA32-03F1-4488-8D2A-CDF779CB04D7}"
EndProject
Project("{FAE04EC0-301F-11D3-BF4B-00C04F79EFBC}") = "GenericValueAdapter", "src\StructuralPatterns\AdapterPattern\GenericValueAdapter\GenericValueAdapter.csproj", "{B4C849A5-4480-47B1-88CB-54828EA2676E}"
EndProject
Project("{FAE04EC0-301F-11D3-BF4B-00C04F79EFBC}") = "VectorRasterDemo", "src\StructuralPatterns\AdapterPattern\VectorRasterDemo\VectorRasterDemo.csproj", "{46955771-6392-4223-B53D-260228EDD134}"
EndProject
Project("{2150E333-8FDC-42A3-9474-1A3956D46DE8}") = "BridgePattern", "BridgePattern", "{D4D2C5E1-99EA-496E-8C59-12B49232A347}"
EndProject
Project("{FAE04EC0-301F-11D3-BF4B-00C04F79EFBC}") = "Bridge", "src\StructuralPatterns\BridgePattern\Bridge\Bridge.csproj", "{0174715D-F85C-447A-B6E4-2A15E9498A8C}"
EndProject
Project("{FAE04EC0-301F-11D3-BF4B-00C04F79EFBC}") = "Exercise_1", "src\StructuralPatterns\BridgePattern\Exercise_1\Exercise_1.csproj", "{B3E022EA-DCA1-4486-BBEE-D9B63885DD03}"
EndProject
Project("{FAE04EC0-301F-11D3-BF4B-00C04F79EFBC}") = "AbstractFactoryExercise_OS_SelfMadeExample", "src\CreationalPatterns\FactoryPattern\AbstractFactoryExercise_OS_SelfMadeExample\AbstractFactoryExercise_OS_SelfMadeExample.csproj", "{B886834E-92B2-4AF3-950E-AC5E45C4EA59}"
EndProject
Project("{FAE04EC0-301F-11D3-BF4B-00C04F79EFBC}") = "AbstractFactoryExercise_OS_SelfMadeExample_Inverted", "src\CreationalPatterns\FactoryPattern\AbstractFactoryExercise_OS_SelfMadeExample_Inverted\AbstractFactoryExercise_OS_SelfMadeExample_Inverted.csproj", "{558B58BD-31DC-4D0D-9772-F6A4500B5F76}"
EndProject
Project("{2150E333-8FDC-42A3-9474-1A3956D46DE8}") = "CompositePattern", "CompositePattern", "{AC58BF8A-EEDB-44AE-9DEA-84CE37991E47}"
EndProject
Project("{FAE04EC0-301F-11D3-BF4B-00C04F79EFBC}") = "CompositePattern", "src\StructuralPatterns\CompositePattern\CompositePattern\CompositePattern.csproj", "{62A2E0C8-AA87-450F-A728-E392ED62A118}"
EndProject
Project("{2150E333-8FDC-42A3-9474-1A3956D46DE8}") = "DecoratorPattern", "DecoratorPattern", "{00C57487-5875-4F1A-8AA4-B0C438F2065E}"
EndProject
Project("{FAE04EC0-301F-11D3-BF4B-00C04F79EFBC}") = "DecoratorPattern_CustomStringBuilder", "src\BehavioralPatterns\DecoratorPattern\DecoratorPattern_CustomStringBuilder\DecoratorPattern_CustomStringBuilder.csproj", "{C2A6B9EF-E5B0-4B62-A0E3-BFD728009A97}"
EndProject
Project("{FAE04EC0-301F-11D3-BF4B-00C04F79EFBC}") = "DecoratorPattern_DynamicComposition", "src\BehavioralPatterns\DecoratorPattern\DecoratorPattern_DynamicComposition\DecoratorPattern_DynamicComposition.csproj", "{E03319D0-4899-4E7E-865D-18100AD17285}"
EndProject
Project("{FAE04EC0-301F-11D3-BF4B-00C04F79EFBC}") = "DecoratorPattern_StaticComposition", "src\BehavioralPatterns\DecoratorPattern\DecoratorPattern_StaticComposition\DecoratorPattern_StaticComposition.csproj", "{3A3C573B-8BE5-4F8D-A79A-9275A3C685DA}"
EndProject
Project("{FAE04EC0-301F-11D3-BF4B-00C04F79EFBC}") = "DecoratorPattern_MultipleInheritanceWithInterfaces", "src\BehavioralPatterns\DecoratorPattern\DecoratorPattern_MultipleInheritanceWithInterfaces\DecoratorPattern_MultipleInheritanceWithInterfaces.csproj", "{F4D2D67F-73F9-4069-9782-6A24E8D88C10}"
EndProject
Project("{FAE04EC0-301F-11D3-BF4B-00C04F79EFBC}") = "DecoratorPattern_Adapter", "src\BehavioralPatterns\DecoratorPattern\DecoratorPattern_Adapter\DecoratorPattern_Adapter.csproj", "{45C1F2CE-BCF2-46F7-A1F7-1AACAEDE27AE}"
EndProject
Project("{FAE04EC0-301F-11D3-BF4B-00C04F79EFBC}") = "DecoratorPattern_Exercise1", "src\BehavioralPatterns\DecoratorPattern\DecoratorPattern_Exercise1\DecoratorPattern_Exercise1.csproj", "{B8738B8F-083F-409F-9B7D-AAD07C686C79}"
EndProject
Project("{2150E333-8FDC-42A3-9474-1A3956D46DE8}") = "FacadePattern", "FacadePattern", "{F7634D46-6C78-46ED-A12D-2898D6E798FA}"
EndProject
Project("{FAE04EC0-301F-11D3-BF4B-00C04F79EFBC}") = "FacadePattern_Exercise1", "src\StructuralPatterns\FacadePattern\FacadePattern_Exercise1\FacadePattern_Exercise1.csproj", "{2A8AF477-243C-4A0F-BDDE-9E254FEC5A52}"
EndProject
Project("{2150E333-8FDC-42A3-9474-1A3956D46DE8}") = "ProxyPattern", "ProxyPattern", "{2779A409-DB33-487F-8D24-12072C2574E2}"
EndProject
Project("{FAE04EC0-301F-11D3-BF4B-00C04F79EFBC}") = "ProxyPattern_DefendingProxy", "src\StructuralPatterns\ProxyPattern\ProxyPattern_DefendingProxy\ProxyPattern_DefendingProxy.csproj", "{0B865528-2410-4B7F-BD53-FC3408FBE512}"
EndProject
Project("{FAE04EC0-301F-11D3-BF4B-00C04F79EFBC}") = "ProxyPattern_VirtualProxy", "src\StructuralPatterns\ProxyPattern\ProxyPattern_VirtualProxy\ProxyPattern_VirtualProxy.csproj", "{98AC7D1D-5F62-4791-BE9A-7062A0B02B27}"
EndProject
Project("{FAE04EC0-301F-11D3-BF4B-00C04F79EFBC}") = "ProxyPatternt_PropertyAccess", "src\StructuralPatterns\ProxyPattern\ProxyPatternt_PropertyAccess\ProxyPatternt_PropertyAccess.csproj", "{D986FCDE-8649-44C3-AE9C-DBAB42075794}"
EndProject
Global
	GlobalSection(SolutionConfigurationPlatforms) = preSolution
		Debug|Any CPU = Debug|Any CPU
		Release|Any CPU = Release|Any CPU
	EndGlobalSection
	GlobalSection(NestedProjects) = preSolution
		{6646115B-E7E0-47E4-99EB-7D9387F03C62} = {08316839-BF41-4347-85E0-8C919724ADB3}
		{C3C776C8-294B-40E1-86E4-E9AB7F3BB4A8} = {6646115B-E7E0-47E4-99EB-7D9387F03C62}
		{71C2B3D1-404F-452B-9912-8692F43E22F1} = {C3C776C8-294B-40E1-86E4-E9AB7F3BB4A8}
		{0A3A631A-F831-4595-A99C-A620BA22D150} = {C3C776C8-294B-40E1-86E4-E9AB7F3BB4A8}
		{33E42F1A-F73D-49C0-A65F-CF4E310A9216} = {C3C776C8-294B-40E1-86E4-E9AB7F3BB4A8}
		{98FF2257-F18B-4582-BDF0-3CC98738815A} = {C3C776C8-294B-40E1-86E4-E9AB7F3BB4A8}
		{26D6C649-1D50-4124-BACC-E490D1F21461} = {C3C776C8-294B-40E1-86E4-E9AB7F3BB4A8}
		{D25BF6FD-4969-449D-B86B-7CE4F8B65DB8} = {C3C776C8-294B-40E1-86E4-E9AB7F3BB4A8}
		{1C8D3B23-DC91-467E-AE5C-4522FF1F9659} = {C3C776C8-294B-40E1-86E4-E9AB7F3BB4A8}
		{046FA999-8227-4B1C-867A-BF4902738101} = {C3C776C8-294B-40E1-86E4-E9AB7F3BB4A8}
		{BF261BA0-EB94-4E30-8343-69AEB282F36D} = {6646115B-E7E0-47E4-99EB-7D9387F03C62}
		{353D0DDF-7D64-40B0-AA43-B098CFA8E71E} = {BF261BA0-EB94-4E30-8343-69AEB282F36D}
		{B08DEDE6-D6B3-4611-BBF9-52B437452540} = {BF261BA0-EB94-4E30-8343-69AEB282F36D}
		{D5E9BB35-7B76-41B4-A9EC-EC6773C2DAC2} = {BF261BA0-EB94-4E30-8343-69AEB282F36D}
		{D60A3D73-1C12-4A6E-BAD9-DFE32C328F62} = {BF261BA0-EB94-4E30-8343-69AEB282F36D}
		{EA7864BB-4E31-432C-B79F-B9B11AC30E87} = {BF261BA0-EB94-4E30-8343-69AEB282F36D}
		{3CA24183-A040-4281-A912-D86135339126} = {BF261BA0-EB94-4E30-8343-69AEB282F36D}
		{F3CC9FA6-BE7A-450D-8296-3173D63E0106} = {BF261BA0-EB94-4E30-8343-69AEB282F36D}
		{84583BE6-38E2-4EE3-B0A0-A9BF8635EA39} = {BF261BA0-EB94-4E30-8343-69AEB282F36D}
		{D56B0D4E-C8C9-491A-BC92-2BD40187416C} = {6646115B-E7E0-47E4-99EB-7D9387F03C62}
		{7D23007B-5EE1-44D5-A9BE-21927755FBFD} = {D56B0D4E-C8C9-491A-BC92-2BD40187416C}
		{91FCA106-35C8-46EC-9B68-4B964A7E0A82} = {08316839-BF41-4347-85E0-8C919724ADB3}
		{9DB1026A-70BF-44F7-BE45-CFB2180F6A29} = {91FCA106-35C8-46EC-9B68-4B964A7E0A82}
		{22533931-29B7-4370-ABE0-AA1156B1B2DA} = {9DB1026A-70BF-44F7-BE45-CFB2180F6A29}
		{2C0BB9C7-59A9-473F-886B-1D812EE2C394} = {9DB1026A-70BF-44F7-BE45-CFB2180F6A29}
		{8A1D15DB-7C09-4C3F-B5E7-B3BBAF51B52F} = {D56B0D4E-C8C9-491A-BC92-2BD40187416C}
		{6E8FB801-9B4A-4795-9867-E76F13F04B79} = {D56B0D4E-C8C9-491A-BC92-2BD40187416C}
		{DD4F11FB-33D9-4E7E-94CE-42064DA67AF8} = {6646115B-E7E0-47E4-99EB-7D9387F03C62}
		{C2E9A4CC-9258-4C32-95A4-D81ACBDBB135} = {DD4F11FB-33D9-4E7E-94CE-42064DA67AF8}
		{84D77432-4CE3-4C8C-837A-F612FD1F0E65} = {C2E9A4CC-9258-4C32-95A4-D81ACBDBB135}
		{3565AA5C-1BE8-4322-808B-F469FA2323FF} = {C2E9A4CC-9258-4C32-95A4-D81ACBDBB135}
		{3FE95197-4CBE-4F0A-90CC-280EDAB9DECD} = {C2E9A4CC-9258-4C32-95A4-D81ACBDBB135}
		{EFABA1E7-E254-480C-A0EE-D8BA2CBEB6DF} = {DD4F11FB-33D9-4E7E-94CE-42064DA67AF8}
		{115DCF87-70E4-4EB5-8403-7C1FA0967B3A} = {EFABA1E7-E254-480C-A0EE-D8BA2CBEB6DF}
		{DDE5F4EF-3024-49BD-BE86-1CA1EB8FD2C7} = {EFABA1E7-E254-480C-A0EE-D8BA2CBEB6DF}
		{ACBE60EE-DE0E-4B94-AB82-58FBDCFF7E9B} = {DD4F11FB-33D9-4E7E-94CE-42064DA67AF8}
		{5D447035-8363-44B2-84B0-60CD452B7ECB} = {DD4F11FB-33D9-4E7E-94CE-42064DA67AF8}
		{FAEF8B59-60BF-4823-BF1A-52B44BA9D183} = {DD4F11FB-33D9-4E7E-94CE-42064DA67AF8}
		{05F4C26B-8681-48DB-9C00-270212884FA2} = {08316839-BF41-4347-85E0-8C919724ADB3}
		{F2F48FFC-221B-4A81-ACB2-3BC26D16DEA6} = {05F4C26B-8681-48DB-9C00-270212884FA2}
		{C2F18AAB-EC22-4D5D-BC68-3CE2F637020C} = {F2F48FFC-221B-4A81-ACB2-3BC26D16DEA6}
		{1EE7FBBE-0D69-4915-9E96-09FEF0E3A577} = {F2F48FFC-221B-4A81-ACB2-3BC26D16DEA6}
		{C475EA32-03F1-4488-8D2A-CDF779CB04D7} = {F2F48FFC-221B-4A81-ACB2-3BC26D16DEA6}
		{B4C849A5-4480-47B1-88CB-54828EA2676E} = {F2F48FFC-221B-4A81-ACB2-3BC26D16DEA6}
		{46955771-6392-4223-B53D-260228EDD134} = {F2F48FFC-221B-4A81-ACB2-3BC26D16DEA6}
		{D4D2C5E1-99EA-496E-8C59-12B49232A347} = {05F4C26B-8681-48DB-9C00-270212884FA2}
		{0174715D-F85C-447A-B6E4-2A15E9498A8C} = {D4D2C5E1-99EA-496E-8C59-12B49232A347}
		{B3E022EA-DCA1-4486-BBEE-D9B63885DD03} = {D4D2C5E1-99EA-496E-8C59-12B49232A347}
		{B886834E-92B2-4AF3-950E-AC5E45C4EA59} = {BF261BA0-EB94-4E30-8343-69AEB282F36D}
		{558B58BD-31DC-4D0D-9772-F6A4500B5F76} = {BF261BA0-EB94-4E30-8343-69AEB282F36D}
		{AC58BF8A-EEDB-44AE-9DEA-84CE37991E47} = {05F4C26B-8681-48DB-9C00-270212884FA2}
		{62A2E0C8-AA87-450F-A728-E392ED62A118} = {AC58BF8A-EEDB-44AE-9DEA-84CE37991E47}
		{00C57487-5875-4F1A-8AA4-B0C438F2065E} = {91FCA106-35C8-46EC-9B68-4B964A7E0A82}
		{C2A6B9EF-E5B0-4B62-A0E3-BFD728009A97} = {00C57487-5875-4F1A-8AA4-B0C438F2065E}
		{E03319D0-4899-4E7E-865D-18100AD17285} = {00C57487-5875-4F1A-8AA4-B0C438F2065E}
		{3A3C573B-8BE5-4F8D-A79A-9275A3C685DA} = {00C57487-5875-4F1A-8AA4-B0C438F2065E}
		{F4D2D67F-73F9-4069-9782-6A24E8D88C10} = {00C57487-5875-4F1A-8AA4-B0C438F2065E}
		{45C1F2CE-BCF2-46F7-A1F7-1AACAEDE27AE} = {00C57487-5875-4F1A-8AA4-B0C438F2065E}
		{B8738B8F-083F-409F-9B7D-AAD07C686C79} = {00C57487-5875-4F1A-8AA4-B0C438F2065E}
		{F7634D46-6C78-46ED-A12D-2898D6E798FA} = {05F4C26B-8681-48DB-9C00-270212884FA2}
		{2A8AF477-243C-4A0F-BDDE-9E254FEC5A52} = {F7634D46-6C78-46ED-A12D-2898D6E798FA}
		{2779A409-DB33-487F-8D24-12072C2574E2} = {05F4C26B-8681-48DB-9C00-270212884FA2}
		{0B865528-2410-4B7F-BD53-FC3408FBE512} = {2779A409-DB33-487F-8D24-12072C2574E2}
		{98AC7D1D-5F62-4791-BE9A-7062A0B02B27} = {2779A409-DB33-487F-8D24-12072C2574E2}
		{D986FCDE-8649-44C3-AE9C-DBAB42075794} = {2779A409-DB33-487F-8D24-12072C2574E2}
	EndGlobalSection
	GlobalSection(ProjectConfigurationPlatforms) = postSolution
		{71C2B3D1-404F-452B-9912-8692F43E22F1}.Debug|Any CPU.ActiveCfg = Debug|Any CPU
		{71C2B3D1-404F-452B-9912-8692F43E22F1}.Debug|Any CPU.Build.0 = Debug|Any CPU
		{71C2B3D1-404F-452B-9912-8692F43E22F1}.Release|Any CPU.ActiveCfg = Release|Any CPU
		{71C2B3D1-404F-452B-9912-8692F43E22F1}.Release|Any CPU.Build.0 = Release|Any CPU
		{0A3A631A-F831-4595-A99C-A620BA22D150}.Debug|Any CPU.ActiveCfg = Debug|Any CPU
		{0A3A631A-F831-4595-A99C-A620BA22D150}.Debug|Any CPU.Build.0 = Debug|Any CPU
		{0A3A631A-F831-4595-A99C-A620BA22D150}.Release|Any CPU.ActiveCfg = Release|Any CPU
		{0A3A631A-F831-4595-A99C-A620BA22D150}.Release|Any CPU.Build.0 = Release|Any CPU
		{33E42F1A-F73D-49C0-A65F-CF4E310A9216}.Debug|Any CPU.ActiveCfg = Debug|Any CPU
		{33E42F1A-F73D-49C0-A65F-CF4E310A9216}.Debug|Any CPU.Build.0 = Debug|Any CPU
		{33E42F1A-F73D-49C0-A65F-CF4E310A9216}.Release|Any CPU.ActiveCfg = Release|Any CPU
		{33E42F1A-F73D-49C0-A65F-CF4E310A9216}.Release|Any CPU.Build.0 = Release|Any CPU
		{98FF2257-F18B-4582-BDF0-3CC98738815A}.Debug|Any CPU.ActiveCfg = Debug|Any CPU
		{98FF2257-F18B-4582-BDF0-3CC98738815A}.Debug|Any CPU.Build.0 = Debug|Any CPU
		{98FF2257-F18B-4582-BDF0-3CC98738815A}.Release|Any CPU.ActiveCfg = Release|Any CPU
		{98FF2257-F18B-4582-BDF0-3CC98738815A}.Release|Any CPU.Build.0 = Release|Any CPU
		{26D6C649-1D50-4124-BACC-E490D1F21461}.Debug|Any CPU.ActiveCfg = Debug|Any CPU
		{26D6C649-1D50-4124-BACC-E490D1F21461}.Debug|Any CPU.Build.0 = Debug|Any CPU
		{26D6C649-1D50-4124-BACC-E490D1F21461}.Release|Any CPU.ActiveCfg = Release|Any CPU
		{26D6C649-1D50-4124-BACC-E490D1F21461}.Release|Any CPU.Build.0 = Release|Any CPU
		{D25BF6FD-4969-449D-B86B-7CE4F8B65DB8}.Debug|Any CPU.ActiveCfg = Debug|Any CPU
		{D25BF6FD-4969-449D-B86B-7CE4F8B65DB8}.Debug|Any CPU.Build.0 = Debug|Any CPU
		{D25BF6FD-4969-449D-B86B-7CE4F8B65DB8}.Release|Any CPU.ActiveCfg = Release|Any CPU
		{D25BF6FD-4969-449D-B86B-7CE4F8B65DB8}.Release|Any CPU.Build.0 = Release|Any CPU
		{1C8D3B23-DC91-467E-AE5C-4522FF1F9659}.Debug|Any CPU.ActiveCfg = Debug|Any CPU
		{1C8D3B23-DC91-467E-AE5C-4522FF1F9659}.Debug|Any CPU.Build.0 = Debug|Any CPU
		{1C8D3B23-DC91-467E-AE5C-4522FF1F9659}.Release|Any CPU.ActiveCfg = Release|Any CPU
		{1C8D3B23-DC91-467E-AE5C-4522FF1F9659}.Release|Any CPU.Build.0 = Release|Any CPU
		{046FA999-8227-4B1C-867A-BF4902738101}.Debug|Any CPU.ActiveCfg = Debug|Any CPU
		{046FA999-8227-4B1C-867A-BF4902738101}.Debug|Any CPU.Build.0 = Debug|Any CPU
		{046FA999-8227-4B1C-867A-BF4902738101}.Release|Any CPU.ActiveCfg = Release|Any CPU
		{046FA999-8227-4B1C-867A-BF4902738101}.Release|Any CPU.Build.0 = Release|Any CPU
		{353D0DDF-7D64-40B0-AA43-B098CFA8E71E}.Debug|Any CPU.ActiveCfg = Debug|Any CPU
		{353D0DDF-7D64-40B0-AA43-B098CFA8E71E}.Debug|Any CPU.Build.0 = Debug|Any CPU
		{353D0DDF-7D64-40B0-AA43-B098CFA8E71E}.Release|Any CPU.ActiveCfg = Release|Any CPU
		{353D0DDF-7D64-40B0-AA43-B098CFA8E71E}.Release|Any CPU.Build.0 = Release|Any CPU
		{B08DEDE6-D6B3-4611-BBF9-52B437452540}.Debug|Any CPU.ActiveCfg = Debug|Any CPU
		{B08DEDE6-D6B3-4611-BBF9-52B437452540}.Debug|Any CPU.Build.0 = Debug|Any CPU
		{B08DEDE6-D6B3-4611-BBF9-52B437452540}.Release|Any CPU.ActiveCfg = Release|Any CPU
		{B08DEDE6-D6B3-4611-BBF9-52B437452540}.Release|Any CPU.Build.0 = Release|Any CPU
		{D5E9BB35-7B76-41B4-A9EC-EC6773C2DAC2}.Debug|Any CPU.ActiveCfg = Debug|Any CPU
		{D5E9BB35-7B76-41B4-A9EC-EC6773C2DAC2}.Debug|Any CPU.Build.0 = Debug|Any CPU
		{D5E9BB35-7B76-41B4-A9EC-EC6773C2DAC2}.Release|Any CPU.ActiveCfg = Release|Any CPU
		{D5E9BB35-7B76-41B4-A9EC-EC6773C2DAC2}.Release|Any CPU.Build.0 = Release|Any CPU
		{D60A3D73-1C12-4A6E-BAD9-DFE32C328F62}.Debug|Any CPU.ActiveCfg = Debug|Any CPU
		{D60A3D73-1C12-4A6E-BAD9-DFE32C328F62}.Debug|Any CPU.Build.0 = Debug|Any CPU
		{D60A3D73-1C12-4A6E-BAD9-DFE32C328F62}.Release|Any CPU.ActiveCfg = Release|Any CPU
		{D60A3D73-1C12-4A6E-BAD9-DFE32C328F62}.Release|Any CPU.Build.0 = Release|Any CPU
		{EA7864BB-4E31-432C-B79F-B9B11AC30E87}.Debug|Any CPU.ActiveCfg = Debug|Any CPU
		{EA7864BB-4E31-432C-B79F-B9B11AC30E87}.Debug|Any CPU.Build.0 = Debug|Any CPU
		{EA7864BB-4E31-432C-B79F-B9B11AC30E87}.Release|Any CPU.ActiveCfg = Release|Any CPU
		{EA7864BB-4E31-432C-B79F-B9B11AC30E87}.Release|Any CPU.Build.0 = Release|Any CPU
		{3CA24183-A040-4281-A912-D86135339126}.Debug|Any CPU.ActiveCfg = Debug|Any CPU
		{3CA24183-A040-4281-A912-D86135339126}.Debug|Any CPU.Build.0 = Debug|Any CPU
		{3CA24183-A040-4281-A912-D86135339126}.Release|Any CPU.ActiveCfg = Release|Any CPU
		{3CA24183-A040-4281-A912-D86135339126}.Release|Any CPU.Build.0 = Release|Any CPU
		{F3CC9FA6-BE7A-450D-8296-3173D63E0106}.Debug|Any CPU.ActiveCfg = Debug|Any CPU
		{F3CC9FA6-BE7A-450D-8296-3173D63E0106}.Debug|Any CPU.Build.0 = Debug|Any CPU
		{F3CC9FA6-BE7A-450D-8296-3173D63E0106}.Release|Any CPU.ActiveCfg = Release|Any CPU
		{F3CC9FA6-BE7A-450D-8296-3173D63E0106}.Release|Any CPU.Build.0 = Release|Any CPU
		{84583BE6-38E2-4EE3-B0A0-A9BF8635EA39}.Debug|Any CPU.ActiveCfg = Debug|Any CPU
		{84583BE6-38E2-4EE3-B0A0-A9BF8635EA39}.Debug|Any CPU.Build.0 = Debug|Any CPU
		{84583BE6-38E2-4EE3-B0A0-A9BF8635EA39}.Release|Any CPU.ActiveCfg = Release|Any CPU
		{84583BE6-38E2-4EE3-B0A0-A9BF8635EA39}.Release|Any CPU.Build.0 = Release|Any CPU
		{7D23007B-5EE1-44D5-A9BE-21927755FBFD}.Debug|Any CPU.ActiveCfg = Debug|Any CPU
		{7D23007B-5EE1-44D5-A9BE-21927755FBFD}.Debug|Any CPU.Build.0 = Debug|Any CPU
		{7D23007B-5EE1-44D5-A9BE-21927755FBFD}.Release|Any CPU.ActiveCfg = Release|Any CPU
		{7D23007B-5EE1-44D5-A9BE-21927755FBFD}.Release|Any CPU.Build.0 = Release|Any CPU
		{22533931-29B7-4370-ABE0-AA1156B1B2DA}.Debug|Any CPU.ActiveCfg = Debug|Any CPU
		{22533931-29B7-4370-ABE0-AA1156B1B2DA}.Debug|Any CPU.Build.0 = Debug|Any CPU
		{22533931-29B7-4370-ABE0-AA1156B1B2DA}.Release|Any CPU.ActiveCfg = Release|Any CPU
		{22533931-29B7-4370-ABE0-AA1156B1B2DA}.Release|Any CPU.Build.0 = Release|Any CPU
		{2C0BB9C7-59A9-473F-886B-1D812EE2C394}.Debug|Any CPU.ActiveCfg = Debug|Any CPU
		{2C0BB9C7-59A9-473F-886B-1D812EE2C394}.Debug|Any CPU.Build.0 = Debug|Any CPU
		{2C0BB9C7-59A9-473F-886B-1D812EE2C394}.Release|Any CPU.ActiveCfg = Release|Any CPU
		{2C0BB9C7-59A9-473F-886B-1D812EE2C394}.Release|Any CPU.Build.0 = Release|Any CPU
		{8A1D15DB-7C09-4C3F-B5E7-B3BBAF51B52F}.Debug|Any CPU.ActiveCfg = Debug|Any CPU
		{8A1D15DB-7C09-4C3F-B5E7-B3BBAF51B52F}.Debug|Any CPU.Build.0 = Debug|Any CPU
		{8A1D15DB-7C09-4C3F-B5E7-B3BBAF51B52F}.Release|Any CPU.ActiveCfg = Release|Any CPU
		{8A1D15DB-7C09-4C3F-B5E7-B3BBAF51B52F}.Release|Any CPU.Build.0 = Release|Any CPU
		{6E8FB801-9B4A-4795-9867-E76F13F04B79}.Debug|Any CPU.ActiveCfg = Debug|Any CPU
		{6E8FB801-9B4A-4795-9867-E76F13F04B79}.Debug|Any CPU.Build.0 = Debug|Any CPU
		{6E8FB801-9B4A-4795-9867-E76F13F04B79}.Release|Any CPU.ActiveCfg = Release|Any CPU
		{6E8FB801-9B4A-4795-9867-E76F13F04B79}.Release|Any CPU.Build.0 = Release|Any CPU
		{84D77432-4CE3-4C8C-837A-F612FD1F0E65}.Debug|Any CPU.ActiveCfg = Debug|Any CPU
		{84D77432-4CE3-4C8C-837A-F612FD1F0E65}.Debug|Any CPU.Build.0 = Debug|Any CPU
		{84D77432-4CE3-4C8C-837A-F612FD1F0E65}.Release|Any CPU.ActiveCfg = Release|Any CPU
		{84D77432-4CE3-4C8C-837A-F612FD1F0E65}.Release|Any CPU.Build.0 = Release|Any CPU
		{3565AA5C-1BE8-4322-808B-F469FA2323FF}.Debug|Any CPU.ActiveCfg = Debug|Any CPU
		{3565AA5C-1BE8-4322-808B-F469FA2323FF}.Debug|Any CPU.Build.0 = Debug|Any CPU
		{3565AA5C-1BE8-4322-808B-F469FA2323FF}.Release|Any CPU.ActiveCfg = Release|Any CPU
		{3565AA5C-1BE8-4322-808B-F469FA2323FF}.Release|Any CPU.Build.0 = Release|Any CPU
		{3FE95197-4CBE-4F0A-90CC-280EDAB9DECD}.Debug|Any CPU.ActiveCfg = Debug|Any CPU
		{3FE95197-4CBE-4F0A-90CC-280EDAB9DECD}.Debug|Any CPU.Build.0 = Debug|Any CPU
		{3FE95197-4CBE-4F0A-90CC-280EDAB9DECD}.Release|Any CPU.ActiveCfg = Release|Any CPU
		{3FE95197-4CBE-4F0A-90CC-280EDAB9DECD}.Release|Any CPU.Build.0 = Release|Any CPU
		{115DCF87-70E4-4EB5-8403-7C1FA0967B3A}.Debug|Any CPU.ActiveCfg = Debug|Any CPU
		{115DCF87-70E4-4EB5-8403-7C1FA0967B3A}.Debug|Any CPU.Build.0 = Debug|Any CPU
		{115DCF87-70E4-4EB5-8403-7C1FA0967B3A}.Release|Any CPU.ActiveCfg = Release|Any CPU
		{115DCF87-70E4-4EB5-8403-7C1FA0967B3A}.Release|Any CPU.Build.0 = Release|Any CPU
		{DDE5F4EF-3024-49BD-BE86-1CA1EB8FD2C7}.Debug|Any CPU.ActiveCfg = Debug|Any CPU
		{DDE5F4EF-3024-49BD-BE86-1CA1EB8FD2C7}.Debug|Any CPU.Build.0 = Debug|Any CPU
		{DDE5F4EF-3024-49BD-BE86-1CA1EB8FD2C7}.Release|Any CPU.ActiveCfg = Release|Any CPU
		{DDE5F4EF-3024-49BD-BE86-1CA1EB8FD2C7}.Release|Any CPU.Build.0 = Release|Any CPU
		{ACBE60EE-DE0E-4B94-AB82-58FBDCFF7E9B}.Debug|Any CPU.ActiveCfg = Debug|Any CPU
		{ACBE60EE-DE0E-4B94-AB82-58FBDCFF7E9B}.Debug|Any CPU.Build.0 = Debug|Any CPU
		{ACBE60EE-DE0E-4B94-AB82-58FBDCFF7E9B}.Release|Any CPU.ActiveCfg = Release|Any CPU
		{ACBE60EE-DE0E-4B94-AB82-58FBDCFF7E9B}.Release|Any CPU.Build.0 = Release|Any CPU
		{5D447035-8363-44B2-84B0-60CD452B7ECB}.Debug|Any CPU.ActiveCfg = Debug|Any CPU
		{5D447035-8363-44B2-84B0-60CD452B7ECB}.Debug|Any CPU.Build.0 = Debug|Any CPU
		{5D447035-8363-44B2-84B0-60CD452B7ECB}.Release|Any CPU.ActiveCfg = Release|Any CPU
		{5D447035-8363-44B2-84B0-60CD452B7ECB}.Release|Any CPU.Build.0 = Release|Any CPU
		{FAEF8B59-60BF-4823-BF1A-52B44BA9D183}.Debug|Any CPU.ActiveCfg = Debug|Any CPU
		{FAEF8B59-60BF-4823-BF1A-52B44BA9D183}.Debug|Any CPU.Build.0 = Debug|Any CPU
		{FAEF8B59-60BF-4823-BF1A-52B44BA9D183}.Release|Any CPU.ActiveCfg = Release|Any CPU
		{FAEF8B59-60BF-4823-BF1A-52B44BA9D183}.Release|Any CPU.Build.0 = Release|Any CPU
		{C2F18AAB-EC22-4D5D-BC68-3CE2F637020C}.Debug|Any CPU.ActiveCfg = Debug|Any CPU
		{C2F18AAB-EC22-4D5D-BC68-3CE2F637020C}.Debug|Any CPU.Build.0 = Debug|Any CPU
		{C2F18AAB-EC22-4D5D-BC68-3CE2F637020C}.Release|Any CPU.ActiveCfg = Release|Any CPU
		{C2F18AAB-EC22-4D5D-BC68-3CE2F637020C}.Release|Any CPU.Build.0 = Release|Any CPU
		{1EE7FBBE-0D69-4915-9E96-09FEF0E3A577}.Debug|Any CPU.ActiveCfg = Debug|Any CPU
		{1EE7FBBE-0D69-4915-9E96-09FEF0E3A577}.Debug|Any CPU.Build.0 = Debug|Any CPU
		{1EE7FBBE-0D69-4915-9E96-09FEF0E3A577}.Release|Any CPU.ActiveCfg = Release|Any CPU
		{1EE7FBBE-0D69-4915-9E96-09FEF0E3A577}.Release|Any CPU.Build.0 = Release|Any CPU
		{C475EA32-03F1-4488-8D2A-CDF779CB04D7}.Debug|Any CPU.ActiveCfg = Debug|Any CPU
		{C475EA32-03F1-4488-8D2A-CDF779CB04D7}.Debug|Any CPU.Build.0 = Debug|Any CPU
		{C475EA32-03F1-4488-8D2A-CDF779CB04D7}.Release|Any CPU.ActiveCfg = Release|Any CPU
		{C475EA32-03F1-4488-8D2A-CDF779CB04D7}.Release|Any CPU.Build.0 = Release|Any CPU
		{B4C849A5-4480-47B1-88CB-54828EA2676E}.Debug|Any CPU.ActiveCfg = Debug|Any CPU
		{B4C849A5-4480-47B1-88CB-54828EA2676E}.Debug|Any CPU.Build.0 = Debug|Any CPU
		{B4C849A5-4480-47B1-88CB-54828EA2676E}.Release|Any CPU.ActiveCfg = Release|Any CPU
		{B4C849A5-4480-47B1-88CB-54828EA2676E}.Release|Any CPU.Build.0 = Release|Any CPU
		{46955771-6392-4223-B53D-260228EDD134}.Debug|Any CPU.ActiveCfg = Debug|Any CPU
		{46955771-6392-4223-B53D-260228EDD134}.Debug|Any CPU.Build.0 = Debug|Any CPU
		{46955771-6392-4223-B53D-260228EDD134}.Release|Any CPU.ActiveCfg = Release|Any CPU
		{46955771-6392-4223-B53D-260228EDD134}.Release|Any CPU.Build.0 = Release|Any CPU
		{0174715D-F85C-447A-B6E4-2A15E9498A8C}.Debug|Any CPU.ActiveCfg = Debug|Any CPU
		{0174715D-F85C-447A-B6E4-2A15E9498A8C}.Debug|Any CPU.Build.0 = Debug|Any CPU
		{0174715D-F85C-447A-B6E4-2A15E9498A8C}.Release|Any CPU.ActiveCfg = Release|Any CPU
		{0174715D-F85C-447A-B6E4-2A15E9498A8C}.Release|Any CPU.Build.0 = Release|Any CPU
		{B3E022EA-DCA1-4486-BBEE-D9B63885DD03}.Debug|Any CPU.ActiveCfg = Debug|Any CPU
		{B3E022EA-DCA1-4486-BBEE-D9B63885DD03}.Debug|Any CPU.Build.0 = Debug|Any CPU
		{B3E022EA-DCA1-4486-BBEE-D9B63885DD03}.Release|Any CPU.ActiveCfg = Release|Any CPU
		{B3E022EA-DCA1-4486-BBEE-D9B63885DD03}.Release|Any CPU.Build.0 = Release|Any CPU
		{B886834E-92B2-4AF3-950E-AC5E45C4EA59}.Debug|Any CPU.ActiveCfg = Debug|Any CPU
		{B886834E-92B2-4AF3-950E-AC5E45C4EA59}.Debug|Any CPU.Build.0 = Debug|Any CPU
		{B886834E-92B2-4AF3-950E-AC5E45C4EA59}.Release|Any CPU.ActiveCfg = Release|Any CPU
		{B886834E-92B2-4AF3-950E-AC5E45C4EA59}.Release|Any CPU.Build.0 = Release|Any CPU
		{558B58BD-31DC-4D0D-9772-F6A4500B5F76}.Debug|Any CPU.ActiveCfg = Debug|Any CPU
		{558B58BD-31DC-4D0D-9772-F6A4500B5F76}.Debug|Any CPU.Build.0 = Debug|Any CPU
		{558B58BD-31DC-4D0D-9772-F6A4500B5F76}.Release|Any CPU.ActiveCfg = Release|Any CPU
		{558B58BD-31DC-4D0D-9772-F6A4500B5F76}.Release|Any CPU.Build.0 = Release|Any CPU
		{62A2E0C8-AA87-450F-A728-E392ED62A118}.Debug|Any CPU.ActiveCfg = Debug|Any CPU
		{62A2E0C8-AA87-450F-A728-E392ED62A118}.Debug|Any CPU.Build.0 = Debug|Any CPU
		{62A2E0C8-AA87-450F-A728-E392ED62A118}.Release|Any CPU.ActiveCfg = Release|Any CPU
		{62A2E0C8-AA87-450F-A728-E392ED62A118}.Release|Any CPU.Build.0 = Release|Any CPU
		{C2A6B9EF-E5B0-4B62-A0E3-BFD728009A97}.Debug|Any CPU.ActiveCfg = Debug|Any CPU
		{C2A6B9EF-E5B0-4B62-A0E3-BFD728009A97}.Debug|Any CPU.Build.0 = Debug|Any CPU
		{C2A6B9EF-E5B0-4B62-A0E3-BFD728009A97}.Release|Any CPU.ActiveCfg = Release|Any CPU
		{C2A6B9EF-E5B0-4B62-A0E3-BFD728009A97}.Release|Any CPU.Build.0 = Release|Any CPU
		{E03319D0-4899-4E7E-865D-18100AD17285}.Debug|Any CPU.ActiveCfg = Debug|Any CPU
		{E03319D0-4899-4E7E-865D-18100AD17285}.Debug|Any CPU.Build.0 = Debug|Any CPU
		{E03319D0-4899-4E7E-865D-18100AD17285}.Release|Any CPU.ActiveCfg = Release|Any CPU
		{E03319D0-4899-4E7E-865D-18100AD17285}.Release|Any CPU.Build.0 = Release|Any CPU
		{3A3C573B-8BE5-4F8D-A79A-9275A3C685DA}.Debug|Any CPU.ActiveCfg = Debug|Any CPU
		{3A3C573B-8BE5-4F8D-A79A-9275A3C685DA}.Debug|Any CPU.Build.0 = Debug|Any CPU
		{3A3C573B-8BE5-4F8D-A79A-9275A3C685DA}.Release|Any CPU.ActiveCfg = Release|Any CPU
		{3A3C573B-8BE5-4F8D-A79A-9275A3C685DA}.Release|Any CPU.Build.0 = Release|Any CPU
		{F4D2D67F-73F9-4069-9782-6A24E8D88C10}.Debug|Any CPU.ActiveCfg = Debug|Any CPU
		{F4D2D67F-73F9-4069-9782-6A24E8D88C10}.Debug|Any CPU.Build.0 = Debug|Any CPU
		{F4D2D67F-73F9-4069-9782-6A24E8D88C10}.Release|Any CPU.ActiveCfg = Release|Any CPU
		{F4D2D67F-73F9-4069-9782-6A24E8D88C10}.Release|Any CPU.Build.0 = Release|Any CPU
		{45C1F2CE-BCF2-46F7-A1F7-1AACAEDE27AE}.Debug|Any CPU.ActiveCfg = Debug|Any CPU
		{45C1F2CE-BCF2-46F7-A1F7-1AACAEDE27AE}.Debug|Any CPU.Build.0 = Debug|Any CPU
		{45C1F2CE-BCF2-46F7-A1F7-1AACAEDE27AE}.Release|Any CPU.ActiveCfg = Release|Any CPU
		{45C1F2CE-BCF2-46F7-A1F7-1AACAEDE27AE}.Release|Any CPU.Build.0 = Release|Any CPU
		{B8738B8F-083F-409F-9B7D-AAD07C686C79}.Debug|Any CPU.ActiveCfg = Debug|Any CPU
		{B8738B8F-083F-409F-9B7D-AAD07C686C79}.Debug|Any CPU.Build.0 = Debug|Any CPU
		{B8738B8F-083F-409F-9B7D-AAD07C686C79}.Release|Any CPU.ActiveCfg = Release|Any CPU
		{B8738B8F-083F-409F-9B7D-AAD07C686C79}.Release|Any CPU.Build.0 = Release|Any CPU
		{2A8AF477-243C-4A0F-BDDE-9E254FEC5A52}.Debug|Any CPU.ActiveCfg = Debug|Any CPU
		{2A8AF477-243C-4A0F-BDDE-9E254FEC5A52}.Debug|Any CPU.Build.0 = Debug|Any CPU
		{2A8AF477-243C-4A0F-BDDE-9E254FEC5A52}.Release|Any CPU.ActiveCfg = Release|Any CPU
		{2A8AF477-243C-4A0F-BDDE-9E254FEC5A52}.Release|Any CPU.Build.0 = Release|Any CPU
		{0B865528-2410-4B7F-BD53-FC3408FBE512}.Debug|Any CPU.ActiveCfg = Debug|Any CPU
		{0B865528-2410-4B7F-BD53-FC3408FBE512}.Debug|Any CPU.Build.0 = Debug|Any CPU
		{0B865528-2410-4B7F-BD53-FC3408FBE512}.Release|Any CPU.ActiveCfg = Release|Any CPU
		{0B865528-2410-4B7F-BD53-FC3408FBE512}.Release|Any CPU.Build.0 = Release|Any CPU
		{98AC7D1D-5F62-4791-BE9A-7062A0B02B27}.Debug|Any CPU.ActiveCfg = Debug|Any CPU
		{98AC7D1D-5F62-4791-BE9A-7062A0B02B27}.Debug|Any CPU.Build.0 = Debug|Any CPU
		{98AC7D1D-5F62-4791-BE9A-7062A0B02B27}.Release|Any CPU.ActiveCfg = Release|Any CPU
		{98AC7D1D-5F62-4791-BE9A-7062A0B02B27}.Release|Any CPU.Build.0 = Release|Any CPU
		{D986FCDE-8649-44C3-AE9C-DBAB42075794}.Debug|Any CPU.ActiveCfg = Debug|Any CPU
		{D986FCDE-8649-44C3-AE9C-DBAB42075794}.Debug|Any CPU.Build.0 = Debug|Any CPU
		{D986FCDE-8649-44C3-AE9C-DBAB42075794}.Release|Any CPU.ActiveCfg = Release|Any CPU
		{D986FCDE-8649-44C3-AE9C-DBAB42075794}.Release|Any CPU.Build.0 = Release|Any CPU
	EndGlobalSection
EndGlobal
